schema: '2.0'
stages:
  prepare:
    cmd: python3.13 src/prepare.py data/raw data/prepared
    deps:
    - path: data/raw
      hash: md5
      md5: 6d8f0c274829764e1ea1112420825014.dir
      size: 8822930
      nfiles: 1605
    - path: src/prepare.py
      hash: md5
      md5: dbd7ee31e8b7c72156782158cd265952
      size: 2516
    - path: src/utils/seed.py
      hash: md5
      md5: e9dbd5bedb90485613007f19f192aeea
      size: 439
    params:
      params.yaml:
        prepare:
          seed: 77
          split: 0.2
          image_size:
          - 32
          - 32
          grayscale: true
    outs:
    - path: data/prepared
      hash: md5
      md5: a99fcbfcb8ab4934b339b0bb1f9bda16.dir
      size: 6616408
      nfiles: 8
  train:
    cmd: python3.13 src/train.py data/prepared model
    deps:
    - path: data/prepared
      hash: md5
      md5: a99fcbfcb8ab4934b339b0bb1f9bda16.dir
      size: 6616408
      nfiles: 8
    - path: src/train.py
      hash: md5
      md5: 30fccdcc6709eb3fda8cb0ef0d79ed39
      size: 3890
    - path: src/utils/seed.py
      hash: md5
      md5: e9dbd5bedb90485613007f19f192aeea
      size: 439
    params:
      params.yaml:
        train:
          seed: 77
          lr: 0.001
          epochs: 10
          conv_size: 64
          dense_size: 128
          output_classes: 11
    outs:
    - path: model
      hash: md5
      md5: 39b920d82b01b758c6187d3245ff5c79.dir
      size: 8383655
      nfiles: 2
  evaluate:
    cmd: python3.13 src/evaluate.py model data/prepared
    deps:
    - path: model
      hash: md5
      md5: 39b920d82b01b758c6187d3245ff5c79.dir
      size: 8383655
      nfiles: 2
    - path: src/evaluate.py
      hash: md5
      md5: 1fe29e27e9d22019fd4c0062b7d54d63
      size: 5505
    outs:
    - path: evaluation/metrics.json
      hash: md5
      md5: 5884ea74655db9c78afc73a11a66e0b1
      size: 63
    - path: evaluation/plots/confusion_matrix.png
      hash: md5
      md5: b78d0545b34f0d10db4c668a82bd6f86
      size: 41014
    - path: evaluation/plots/pred_preview.png
      hash: md5
      md5: b88552b691432b4baabc44d042bc885b
      size: 38504
    - path: evaluation/plots/training_history.png
      hash: md5
      md5: 777ab99d14d726517494eb366449d0a5
      size: 34082
